
Microsoft Visual Studio Solution File, Format Version 12.00
# Visual Studio 2012
Project("{FAE04EC0-301F-11D3-BF4B-00C04F79EFBC}") = "BigBreakers", "BigBreakers.csproj", "{BAD5A8E7-A4D6-4452-9EF5-4076559577A6}"
EndProject
Project("{FAE04EC0-301F-11D3-BF4B-00C04F79EFBC}") = "BigBreakers.iOS", "iOS\BigBreakers.iOS.csproj", "{82724A95-6EB6-4D97-B4BB-13A73C29AB0E}"
EndProject
Project("{FAE04EC0-301F-11D3-BF4B-00C04F79EFBC}") = "BigBreakers.Droid", "Droid\BigBreakers.Droid.csproj", "{8FA78BF8-6317-4C86-86EC-766A171D7C9D}"
EndProject
Global
	GlobalSection(SolutionConfigurationPlatforms) = preSolution
		Debug|Any CPU = Debug|Any CPU
		Release|Any CPU = Release|Any CPU
		Debug|iPhoneSimulator = Debug|iPhoneSimulator
		Release|iPhone = Release|iPhone
		Release|iPhoneSimulator = Release|iPhoneSimulator
		Debug|iPhone = Debug|iPhone
	EndGlobalSection
	GlobalSection(ProjectConfigurationPlatforms) = postSolution
		{BAD5A8E7-A4D6-4452-9EF5-4076559577A6}.Debug|Any CPU.ActiveCfg = Debug|Any CPU
		{BAD5A8E7-A4D6-4452-9EF5-4076559577A6}.Debug|Any CPU.Build.0 = Debug|Any CPU
		{BAD5A8E7-A4D6-4452-9EF5-4076559577A6}.Release|Any CPU.ActiveCfg = Release|Any CPU
		{BAD5A8E7-A4D6-4452-9EF5-4076559577A6}.Release|Any CPU.Build.0 = Release|Any CPU
		{BAD5A8E7-A4D6-4452-9EF5-4076559577A6}.Debug|iPhoneSimulator.ActiveCfg = Debug|Any CPU
		{BAD5A8E7-A4D6-4452-9EF5-4076559577A6}.Debug|iPhoneSimulator.Build.0 = Debug|Any CPU
		{BAD5A8E7-A4D6-4452-9EF5-4076559577A6}.Release|iPhone.ActiveCfg = Release|Any CPU
		{BAD5A8E7-A4D6-4452-9EF5-4076559577A6}.Release|iPhone.Build.0 = Release|Any CPU
		{BAD5A8E7-A4D6-4452-9EF5-4076559577A6}.Release|iPhoneSimulator.ActiveCfg = Release|Any CPU
		{BAD5A8E7-A4D6-4452-9EF5-4076559577A6}.Release|iPhoneSimulator.Build.0 = Release|Any CPU
		{BAD5A8E7-A4D6-4452-9EF5-4076559577A6}.Debug|iPhone.ActiveCfg = Debug|Any CPU
		{BAD5A8E7-A4D6-4452-9EF5-4076559577A6}.Debug|iPhone.Build.0 = Debug|Any CPU
		{82724A95-6EB6-4D97-B4BB-13A73C29AB0E}.Debug|Any CPU.ActiveCfg = Debug|iPhoneSimulator
		{82724A95-6EB6-4D97-B4BB-13A73C29AB0E}.Debug|Any CPU.Build.0 = Debug|iPhoneSimulator
		{82724A95-6EB6-4D97-B4BB-13A73C29AB0E}.Release|Any CPU.ActiveCfg = Debug|iPhoneSimulator
		{82724A95-6EB6-4D97-B4BB-13A73C29AB0E}.Release|Any CPU.Build.0 = Debug|iPhoneSimulator
		{82724A95-6EB6-4D97-B4BB-13A73C29AB0E}.Debug|iPhoneSimulator.ActiveCfg = Debug|iPhoneSimulator
		{82724A95-6EB6-4D97-B4BB-13A73C29AB0E}.Debug|iPhoneSimulator.Build.0 = Debug|iPhoneSimulator
		{82724A95-6EB6-4D97-B4BB-13A73C29AB0E}.Release|iPhone.ActiveCfg = Release|iPhone
		{82724A95-6EB6-4D97-B4BB-13A73C29AB0E}.Release|iPhone.Build.0 = Release|iPhone
		{82724A95-6EB6-4D97-B4BB-13A73C29AB0E}.Release|iPhoneSimulator.ActiveCfg = Release|iPhoneSimulator
		{82724A95-6EB6-4D97-B4BB-13A73C29AB0E}.Release|iPhoneSimulator.Build.0 = Release|iPhoneSimulator
		{82724A95-6EB6-4D97-B4BB-13A73C29AB0E}.Debug|iPhone.ActiveCfg = Debug|iPhone
		{82724A95-6EB6-4D97-B4BB-13A73C29AB0E}.Debug|iPhone.Build.0 = Debug|iPhone
		{8FA78BF8-6317-4C86-86EC-766A171D7C9D}.Debug|Any CPU.ActiveCfg = Debug|Any CPU
		{8FA78BF8-6317-4C86-86EC-766A171D7C9D}.Debug|Any CPU.Build.0 = Debug|Any CPU
		{8FA78BF8-6317-4C86-86EC-766A171D7C9D}.Release|Any CPU.ActiveCfg = Release|Any CPU
		{8FA78BF8-6317-4C86-86EC-766A171D7C9D}.Release|Any CPU.Build.0 = Release|Any CPU
		{8FA78BF8-6317-4C86-86EC-766A171D7C9D}.Debug|iPhoneSimulator.ActiveCfg = Debug|Any CPU
		{8FA78BF8-6317-4C86-86EC-766A171D7C9D}.Debug|iPhoneSimulator.Build.0 = Debug|Any CPU
		{8FA78BF8-6317-4C86-86EC-766A171D7C9D}.Release|iPhone.ActiveCfg = Release|Any CPU
		{8FA78BF8-6317-4C86-86EC-766A171D7C9D}.Release|iPhone.Build.0 = Release|Any CPU
		{8FA78BF8-6317-4C86-86EC-766A171D7C9D}.Release|iPhoneSimulator.ActiveCfg = Release|Any CPU
		{8FA78BF8-6317-4C86-86EC-766A171D7C9D}.Release|iPhoneSimulator.Build.0 = Release|Any CPU
		{8FA78BF8-6317-4C86-86EC-766A171D7C9D}.Debug|iPhone.ActiveCfg = Debug|Any CPU
		{8FA78BF8-6317-4C86-86EC-766A171D7C9D}.Debug|iPhone.Build.0 = Debug|Any CPU
	EndGlobalSection
EndGlobal
